// !$*UTF8*$!
{
	archiveVersion = 1;
	classes = {
	};
	objectVersion = 55;
	objects = {

/* Begin PBXBuildFile section */
		1182F2DE2877739800E45528 /* AppDelegate.swift in Sources */ = {isa = PBXBuildFile; fileRef = 1182F2DD2877739800E45528 /* AppDelegate.swift */; };
		1182F2E02877739800E45528 /* SceneDelegate.swift in Sources */ = {isa = PBXBuildFile; fileRef = 1182F2DF2877739800E45528 /* SceneDelegate.swift */; };
		1182F2E22877739800E45528 /* HomeViewController.swift in Sources */ = {isa = PBXBuildFile; fileRef = 1182F2E12877739800E45528 /* HomeViewController.swift */; };
		1182F2E72877739800E45528 /* Assets.xcassets in Resources */ = {isa = PBXBuildFile; fileRef = 1182F2E62877739800E45528 /* Assets.xcassets */; };
		1182F2EA2877739800E45528 /* LaunchScreen.storyboard in Resources */ = {isa = PBXBuildFile; fileRef = 1182F2E82877739800E45528 /* LaunchScreen.storyboard */; };
		1182F2F3287773CD00E45528 /* UIKit.framework in Frameworks */ = {isa = PBXBuildFile; fileRef = 1182F2F2287773CD00E45528 /* UIKit.framework */; };
		1182F2FB287775E800E45528 /* TabBarViewController.swift in Sources */ = {isa = PBXBuildFile; fileRef = 1182F2FA287775E800E45528 /* TabBarViewController.swift */; };
		1182F2FD2877760D00E45528 /* SearchViewController.swift in Sources */ = {isa = PBXBuildFile; fileRef = 1182F2FC2877760D00E45528 /* SearchViewController.swift */; };
		1182F2FF2877761C00E45528 /* LibraryViewController.swift in Sources */ = {isa = PBXBuildFile; fileRef = 1182F2FE2877761C00E45528 /* LibraryViewController.swift */; };
		1182F3032877764400E45528 /* AuthViewController.swift in Sources */ = {isa = PBXBuildFile; fileRef = 1182F3022877764400E45528 /* AuthViewController.swift */; };
		1182F3052877764E00E45528 /* WelcomeViewController.swift in Sources */ = {isa = PBXBuildFile; fileRef = 1182F3042877764E00E45528 /* WelcomeViewController.swift */; };
		1182F3072877766500E45528 /* SettingsViewController.swift in Sources */ = {isa = PBXBuildFile; fileRef = 1182F3062877766500E45528 /* SettingsViewController.swift */; };
		1182F3092877767100E45528 /* ProfileViewController.swift in Sources */ = {isa = PBXBuildFile; fileRef = 1182F3082877767100E45528 /* ProfileViewController.swift */; };
		1182F30B2877767B00E45528 /* PlayerViewController.swift in Sources */ = {isa = PBXBuildFile; fileRef = 1182F30A2877767B00E45528 /* PlayerViewController.swift */; };
		1182F30D2877768A00E45528 /* PlaylistViewController.swift in Sources */ = {isa = PBXBuildFile; fileRef = 1182F30C2877768A00E45528 /* PlaylistViewController.swift */; };
		1182F30F2877769B00E45528 /* SearchResultsViewController.swift in Sources */ = {isa = PBXBuildFile; fileRef = 1182F30E2877769B00E45528 /* SearchResultsViewController.swift */; };
		1182F311287776C500E45528 /* Auth.swift in Sources */ = {isa = PBXBuildFile; fileRef = 1182F310287776C500E45528 /* Auth.swift */; };
		1182F313287776D200E45528 /* APICaller.swift in Sources */ = {isa = PBXBuildFile; fileRef = 1182F312287776D200E45528 /* APICaller.swift */; };
		1182F315287776DE00E45528 /* HapticsManager.swift in Sources */ = {isa = PBXBuildFile; fileRef = 1182F314287776DE00E45528 /* HapticsManager.swift */; };
		1182F317287776F700E45528 /* Playlist.swift in Sources */ = {isa = PBXBuildFile; fileRef = 1182F316287776F700E45528 /* Playlist.swift */; };
		1182F3192877770200E45528 /* AudioTrack.swift in Sources */ = {isa = PBXBuildFile; fileRef = 1182F3182877770200E45528 /* AudioTrack.swift */; };
		1182F31B2877770A00E45528 /* Artist.swift in Sources */ = {isa = PBXBuildFile; fileRef = 1182F31A2877770A00E45528 /* Artist.swift */; };
		1182F31D2877771400E45528 /* UserProfile.swift in Sources */ = {isa = PBXBuildFile; fileRef = 1182F31C2877771400E45528 /* UserProfile.swift */; };
/* End PBXBuildFile section */

/* Begin PBXFileReference section */
		1182F2DA2877739800E45528 /* spotify.app */ = {isa = PBXFileReference; explicitFileType = wrapper.application; includeInIndex = 0; path = spotify.app; sourceTree = BUILT_PRODUCTS_DIR; };
		1182F2DD2877739800E45528 /* AppDelegate.swift */ = {isa = PBXFileReference; lastKnownFileType = sourcecode.swift; path = AppDelegate.swift; sourceTree = "<group>"; };
		1182F2DF2877739800E45528 /* SceneDelegate.swift */ = {isa = PBXFileReference; lastKnownFileType = sourcecode.swift; path = SceneDelegate.swift; sourceTree = "<group>"; };
		1182F2E12877739800E45528 /* HomeViewController.swift */ = {isa = PBXFileReference; lastKnownFileType = sourcecode.swift; path = HomeViewController.swift; sourceTree = "<group>"; };
		1182F2E62877739800E45528 /* Assets.xcassets */ = {isa = PBXFileReference; lastKnownFileType = folder.assetcatalog; path = Assets.xcassets; sourceTree = "<group>"; };
		1182F2E92877739800E45528 /* Base */ = {isa = PBXFileReference; lastKnownFileType = file.storyboard; name = Base; path = Base.lproj/LaunchScreen.storyboard; sourceTree = "<group>"; };
		1182F2EB2877739800E45528 /* Info.plist */ = {isa = PBXFileReference; lastKnownFileType = text.plist.xml; path = Info.plist; sourceTree = "<group>"; };
		1182F2F2287773CD00E45528 /* UIKit.framework */ = {isa = PBXFileReference; lastKnownFileType = wrapper.framework; name = UIKit.framework; path = System/Library/Frameworks/UIKit.framework; sourceTree = SDKROOT; };
		1182F2FA287775E800E45528 /* TabBarViewController.swift */ = {isa = PBXFileReference; lastKnownFileType = sourcecode.swift; path = TabBarViewController.swift; sourceTree = "<group>"; };
		1182F2FC2877760D00E45528 /* SearchViewController.swift */ = {isa = PBXFileReference; lastKnownFileType = sourcecode.swift; path = SearchViewController.swift; sourceTree = "<group>"; };
		1182F2FE2877761C00E45528 /* LibraryViewController.swift */ = {isa = PBXFileReference; lastKnownFileType = sourcecode.swift; path = LibraryViewController.swift; sourceTree = "<group>"; };
		1182F3022877764400E45528 /* AuthViewController.swift */ = {isa = PBXFileReference; lastKnownFileType = sourcecode.swift; path = AuthViewController.swift; sourceTree = "<group>"; };
		1182F3042877764E00E45528 /* WelcomeViewController.swift */ = {isa = PBXFileReference; lastKnownFileType = sourcecode.swift; path = WelcomeViewController.swift; sourceTree = "<group>"; };
		1182F3062877766500E45528 /* SettingsViewController.swift */ = {isa = PBXFileReference; lastKnownFileType = sourcecode.swift; path = SettingsViewController.swift; sourceTree = "<group>"; };
		1182F3082877767100E45528 /* ProfileViewController.swift */ = {isa = PBXFileReference; lastKnownFileType = sourcecode.swift; path = ProfileViewController.swift; sourceTree = "<group>"; };
		1182F30A2877767B00E45528 /* PlayerViewController.swift */ = {isa = PBXFileReference; lastKnownFileType = sourcecode.swift; path = PlayerViewController.swift; sourceTree = "<group>"; };
		1182F30C2877768A00E45528 /* PlaylistViewController.swift */ = {isa = PBXFileReference; lastKnownFileType = sourcecode.swift; path = PlaylistViewController.swift; sourceTree = "<group>"; };
		1182F30E2877769B00E45528 /* SearchResultsViewController.swift */ = {isa = PBXFileReference; lastKnownFileType = sourcecode.swift; path = SearchResultsViewController.swift; sourceTree = "<group>"; };
		1182F310287776C500E45528 /* Auth.swift */ = {isa = PBXFileReference; lastKnownFileType = sourcecode.swift; path = Auth.swift; sourceTree = "<group>"; };
		1182F312287776D200E45528 /* APICaller.swift */ = {isa = PBXFileReference; lastKnownFileType = sourcecode.swift; path = APICaller.swift; sourceTree = "<group>"; };
		1182F314287776DE00E45528 /* HapticsManager.swift */ = {isa = PBXFileReference; lastKnownFileType = sourcecode.swift; path = HapticsManager.swift; sourceTree = "<group>"; };
		1182F316287776F700E45528 /* Playlist.swift */ = {isa = PBXFileReference; lastKnownFileType = sourcecode.swift; path = Playlist.swift; sourceTree = "<group>"; };
		1182F3182877770200E45528 /* AudioTrack.swift */ = {isa = PBXFileReference; lastKnownFileType = sourcecode.swift; path = AudioTrack.swift; sourceTree = "<group>"; };
		1182F31A2877770A00E45528 /* Artist.swift */ = {isa = PBXFileReference; lastKnownFileType = sourcecode.swift; path = Artist.swift; sourceTree = "<group>"; };
		1182F31C2877771400E45528 /* UserProfile.swift */ = {isa = PBXFileReference; lastKnownFileType = sourcecode.swift; path = UserProfile.swift; sourceTree = "<group>"; };
/* End PBXFileReference section */

/* Begin PBXFrameworksBuildPhase section */
		1182F2D72877739700E45528 /* Frameworks */ = {
			isa = PBXFrameworksBuildPhase;
			buildActionMask = 2147483647;
			files = (
				1182F2F3287773CD00E45528 /* UIKit.framework in Frameworks */,
			);
			runOnlyForDeploymentPostprocessing = 0;
		};
/* End PBXFrameworksBuildPhase section */

/* Begin PBXGroup section */
		1182F2D12877739700E45528 = {
			isa = PBXGroup;
			children = (
				1182F2DC2877739800E45528 /* spotify */,
				1182F2DB2877739800E45528 /* Products */,
				1182F2F1287773C300E45528 /* Frameworks */,
			);
			sourceTree = "<group>";
		};
		1182F2DB2877739800E45528 /* Products */ = {
			isa = PBXGroup;
			children = (
				1182F2DA2877739800E45528 /* spotify.app */,
			);
			name = Products;
			sourceTree = "<group>";
		};
		1182F2DC2877739800E45528 /* spotify */ = {
			isa = PBXGroup;
			children = (
				1182F2F92877745600E45528 /* Resources */,
				1182F2F82877741200E45528 /* Managers */,
				1182F2F72877740A00E45528 /* ViewModels */,
				1182F2F62877740500E45528 /* Models */,
				1182F2F52877740000E45528 /* Views */,
				1182F2F4287773F900E45528 /* Controllers */,
				1182F2EB2877739800E45528 /* Info.plist */,
			);
			path = spotify;
			sourceTree = "<group>";
		};
		1182F2F1287773C300E45528 /* Frameworks */ = {
			isa = PBXGroup;
			children = (
				1182F2F2287773CD00E45528 /* UIKit.framework */,
			);
			name = Frameworks;
			sourceTree = "<group>";
		};
		1182F2F4287773F900E45528 /* Controllers */ = {
			isa = PBXGroup;
			children = (
				1182F3012877763500E45528 /* Other */,
				1182F3002877762400E45528 /* Core */,
			);
			path = Controllers;
			sourceTree = "<group>";
		};
		1182F2F52877740000E45528 /* Views */ = {
			isa = PBXGroup;
			children = (
				1182F2E82877739800E45528 /* LaunchScreen.storyboard */,
			);
			path = Views;
			sourceTree = "<group>";
		};
		1182F2F62877740500E45528 /* Models */ = {
			isa = PBXGroup;
			children = (
				1182F316287776F700E45528 /* Playlist.swift */,
				1182F3182877770200E45528 /* AudioTrack.swift */,
				1182F31A2877770A00E45528 /* Artist.swift */,
				1182F31C2877771400E45528 /* UserProfile.swift */,
			);
			path = Models;
			sourceTree = "<group>";
		};
		1182F2F72877740A00E45528 /* ViewModels */ = {
			isa = PBXGroup;
			children = (
			);
			path = ViewModels;
			sourceTree = "<group>";
		};
		1182F2F82877741200E45528 /* Managers */ = {
			isa = PBXGroup;
			children = (
				1182F310287776C500E45528 /* Auth.swift */,
				1182F312287776D200E45528 /* APICaller.swift */,
				1182F314287776DE00E45528 /* HapticsManager.swift */,
			);
			path = Managers;
			sourceTree = "<group>";
		};
		1182F2F92877745600E45528 /* Resources */ = {
			isa = PBXGroup;
			children = (
				1182F2DD2877739800E45528 /* AppDelegate.swift */,
				1182F2DF2877739800E45528 /* SceneDelegate.swift */,
				1182F2E62877739800E45528 /* Assets.xcassets */,
			);
			path = Resources;
			sourceTree = "<group>";
		};
		1182F3002877762400E45528 /* Core */ = {
			isa = PBXGroup;
			children = (
				1182F2E12877739800E45528 /* HomeViewController.swift */,
				1182F2FA287775E800E45528 /* TabBarViewController.swift */,
				1182F2FC2877760D00E45528 /* SearchViewController.swift */,
				1182F2FE2877761C00E45528 /* LibraryViewController.swift */,
			);
			path = Core;
			sourceTree = "<group>";
		};
		1182F3012877763500E45528 /* Other */ = {
			isa = PBXGroup;
			children = (
				1182F3022877764400E45528 /* AuthViewController.swift */,
				1182F3042877764E00E45528 /* WelcomeViewController.swift */,
				1182F3062877766500E45528 /* SettingsViewController.swift */,
				1182F3082877767100E45528 /* ProfileViewController.swift */,
				1182F30A2877767B00E45528 /* PlayerViewController.swift */,
				1182F30C2877768A00E45528 /* PlaylistViewController.swift */,
				1182F30E2877769B00E45528 /* SearchResultsViewController.swift */,
			);
			path = Other;
			sourceTree = "<group>";
		};
/* End PBXGroup section */

/* Begin PBXNativeTarget section */
		1182F2D92877739700E45528 /* spotify */ = {
			isa = PBXNativeTarget;
			buildConfigurationList = 1182F2EE2877739800E45528 /* Build configuration list for PBXNativeTarget "spotify" */;
			buildPhases = (
				1182F2D62877739700E45528 /* Sources */,
				1182F2D72877739700E45528 /* Frameworks */,
				1182F2D82877739700E45528 /* Resources */,
			);
			buildRules = (
			);
			dependencies = (
			);
			name = spotify;
			productName = spotify;
			productReference = 1182F2DA2877739800E45528 /* spotify.app */;
			productType = "com.apple.product-type.application";
		};
/* End PBXNativeTarget section */

/* Begin PBXProject section */
		1182F2D22877739700E45528 /* Project object */ = {
			isa = PBXProject;
			attributes = {
				BuildIndependentTargetsInParallel = 1;
				LastSwiftUpdateCheck = 1340;
				LastUpgradeCheck = 1340;
				TargetAttributes = {
					1182F2D92877739700E45528 = {
						CreatedOnToolsVersion = 13.4.1;
					};
				};
			};
			buildConfigurationList = 1182F2D52877739700E45528 /* Build configuration list for PBXProject "spotify" */;
			compatibilityVersion = "Xcode 13.0";
			developmentRegion = en;
			hasScannedForEncodings = 0;
			knownRegions = (
				en,
				Base,
			);
			mainGroup = 1182F2D12877739700E45528;
			productRefGroup = 1182F2DB2877739800E45528 /* Products */;
			projectDirPath = "";
			projectRoot = "";
			targets = (
				1182F2D92877739700E45528 /* spotify */,
			);
		};
/* End PBXProject section */

/* Begin PBXResourcesBuildPhase section */
		1182F2D82877739700E45528 /* Resources */ = {
			isa = PBXResourcesBuildPhase;
			buildActionMask = 2147483647;
			files = (
				1182F2EA2877739800E45528 /* LaunchScreen.storyboard in Resources */,
				1182F2E72877739800E45528 /* Assets.xcassets in Resources */,
			);
			runOnlyForDeploymentPostprocessing = 0;
		};
/* End PBXResourcesBuildPhase section */

/* Begin PBXSourcesBuildPhase section */
		1182F2D62877739700E45528 /* Sources */ = {
			isa = PBXSourcesBuildPhase;
			buildActionMask = 2147483647;
			files = (
				1182F2FD2877760D00E45528 /* SearchViewController.swift in Sources */,
				1182F31D2877771400E45528 /* UserProfile.swift in Sources */,
				1182F317287776F700E45528 /* Playlist.swift in Sources */,
				1182F30F2877769B00E45528 /* SearchResultsViewController.swift in Sources */,
				1182F3052877764E00E45528 /* WelcomeViewController.swift in Sources */,
				1182F3092877767100E45528 /* ProfileViewController.swift in Sources */,
				1182F2FB287775E800E45528 /* TabBarViewController.swift in Sources */,
				1182F2E22877739800E45528 /* HomeViewController.swift in Sources */,
				1182F315287776DE00E45528 /* HapticsManager.swift in Sources */,
				1182F3192877770200E45528 /* AudioTrack.swift in Sources */,
				1182F3032877764400E45528 /* AuthViewController.swift in Sources */,
				1182F2DE2877739800E45528 /* AppDelegate.swift in Sources */,
				1182F2FF2877761C00E45528 /* LibraryViewController.swift in Sources */,
				1182F30D2877768A00E45528 /* PlaylistViewController.swift in Sources */,
				1182F31B2877770A00E45528 /* Artist.swift in Sources */,
				1182F2E02877739800E45528 /* SceneDelegate.swift in Sources */,
				1182F311287776C500E45528 /* Auth.swift in Sources */,
				1182F30B2877767B00E45528 /* PlayerViewController.swift in Sources */,
				1182F313287776D200E45528 /* APICaller.swift in Sources */,
				1182F3072877766500E45528 /* SettingsViewController.swift in Sources */,
			);
			runOnlyForDeploymentPostprocessing = 0;
		};
/* End PBXSourcesBuildPhase section */

/* Begin PBXVariantGroup section */
		1182F2E82877739800E45528 /* LaunchScreen.storyboard */ = {
			isa = PBXVariantGroup;
			children = (
				1182F2E92877739800E45528 /* Base */,
			);
			name = LaunchScreen.storyboard;
			sourceTree = "<group>";
		};
/* End PBXVariantGroup section */

/* Begin XCBuildConfiguration section */
		1182F2EC2877739800E45528 /* Debug */ = {
			isa = XCBuildConfiguration;
			buildSettings = {
				ALWAYS_SEARCH_USER_PATHS = NO;
				CLANG_ANALYZER_NONNULL = YES;
				CLANG_ANALYZER_NUMBER_OBJECT_CONVERSION = YES_AGGRESSIVE;
				CLANG_CXX_LANGUAGE_STANDARD = "gnu++17";
				CLANG_ENABLE_MODULES = YES;
				CLANG_ENABLE_OBJC_ARC = YES;
				CLANG_ENABLE_OBJC_WEAK = YES;
				CLANG_WARN_BLOCK_CAPTURE_AUTORELEASING = YES;
				CLANG_WARN_BOOL_CONVERSION = YES;
				CLANG_WARN_COMMA = YES;
				CLANG_WARN_CONSTANT_CONVERSION = YES;
				CLANG_WARN_DEPRECATED_OBJC_IMPLEMENTATIONS = YES;
				CLANG_WARN_DIRECT_OBJC_ISA_USAGE = YES_ERROR;
				CLANG_WARN_DOCUMENTATION_COMMENTS = YES;
				CLANG_WARN_EMPTY_BODY = YES;
				CLANG_WARN_ENUM_CONVERSION = YES;
				CLANG_WARN_INFINITE_RECURSION = YES;
				CLANG_WARN_INT_CONVERSION = YES;
				CLANG_WARN_NON_LITERAL_NULL_CONVERSION = YES;
				CLANG_WARN_OBJC_IMPLICIT_RETAIN_SELF = YES;
				CLANG_WARN_OBJC_LITERAL_CONVERSION = YES;
				CLANG_WARN_OBJC_ROOT_CLASS = YES_ERROR;
				CLANG_WARN_QUOTED_INCLUDE_IN_FRAMEWORK_HEADER = YES;
				CLANG_WARN_RANGE_LOOP_ANALYSIS = YES;
				CLANG_WARN_STRICT_PROTOTYPES = YES;
				CLANG_WARN_SUSPICIOUS_MOVE = YES;
				CLANG_WARN_UNGUARDED_AVAILABILITY = YES_AGGRESSIVE;
				CLANG_WARN_UNREACHABLE_CODE = YES;
				CLANG_WARN__DUPLICATE_METHOD_MATCH = YES;
				COPY_PHASE_STRIP = NO;
				DEBUG_INFORMATION_FORMAT = dwarf;
				ENABLE_STRICT_OBJC_MSGSEND = YES;
				ENABLE_TESTABILITY = YES;
				GCC_C_LANGUAGE_STANDARD = gnu11;
				GCC_DYNAMIC_NO_PIC = NO;
				GCC_NO_COMMON_BLOCKS = YES;
				GCC_OPTIMIZATION_LEVEL = 0;
				GCC_PREPROCESSOR_DEFINITIONS = (
					"DEBUG=1",
					"$(inherited)",
				);
				GCC_WARN_64_TO_32_BIT_CONVERSION = YES;
				GCC_WARN_ABOUT_RETURN_TYPE = YES_ERROR;
				GCC_WARN_UNDECLARED_SELECTOR = YES;
				GCC_WARN_UNINITIALIZED_AUTOS = YES_AGGRESSIVE;
				GCC_WARN_UNUSED_FUNCTION = YES;
				GCC_WARN_UNUSED_VARIABLE = YES;
				IPHONEOS_DEPLOYMENT_TARGET = 15.5;
				MTL_ENABLE_DEBUG_INFO = INCLUDE_SOURCE;
				MTL_FAST_MATH = YES;
				ONLY_ACTIVE_ARCH = YES;
				SDKROOT = iphoneos;
				SWIFT_ACTIVE_COMPILATION_CONDITIONS = DEBUG;
				SWIFT_OPTIMIZATION_LEVEL = "-Onone";
			};
			name = Debug;
		};
		1182F2ED2877739800E45528 /* Release */ = {
			isa = XCBuildConfiguration;
			buildSettings = {
				ALWAYS_SEARCH_USER_PATHS = NO;
				CLANG_ANALYZER_NONNULL = YES;
				CLANG_ANALYZER_NUMBER_OBJECT_CONVERSION = YES_AGGRESSIVE;
				CLANG_CXX_LANGUAGE_STANDARD = "gnu++17";
				CLANG_ENABLE_MODULES = YES;
				CLANG_ENABLE_OBJC_ARC = YES;
				CLANG_ENABLE_OBJC_WEAK = YES;
				CLANG_WARN_BLOCK_CAPTURE_AUTORELEASING = YES;
				CLANG_WARN_BOOL_CONVERSION = YES;
				CLANG_WARN_COMMA = YES;
				CLANG_WARN_CONSTANT_CONVERSION = YES;
				CLANG_WARN_DEPRECATED_OBJC_IMPLEMENTATIONS = YES;
				CLANG_WARN_DIRECT_OBJC_ISA_USAGE = YES_ERROR;
				CLANG_WARN_DOCUMENTATION_COMMENTS = YES;
				CLANG_WARN_EMPTY_BODY = YES;
				CLANG_WARN_ENUM_CONVERSION = YES;
				CLANG_WARN_INFINITE_RECURSION = YES;
				CLANG_WARN_INT_CONVERSION = YES;
				CLANG_WARN_NON_LITERAL_NULL_CONVERSION = YES;
				CLANG_WARN_OBJC_IMPLICIT_RETAIN_SELF = YES;
				CLANG_WARN_OBJC_LITERAL_CONVERSION = YES;
				CLANG_WARN_OBJC_ROOT_CLASS = YES_ERROR;
				CLANG_WARN_QUOTED_INCLUDE_IN_FRAMEWORK_HEADER = YES;
				CLANG_WARN_RANGE_LOOP_ANALYSIS = YES;
				CLANG_WARN_STRICT_PROTOTYPES = YES;
				CLANG_WARN_SUSPICIOUS_MOVE = YES;
				CLANG_WARN_UNGUARDED_AVAILABILITY = YES_AGGRESSIVE;
				CLANG_WARN_UNREACHABLE_CODE = YES;
				CLANG_WARN__DUPLICATE_METHOD_MATCH = YES;
				COPY_PHASE_STRIP = NO;
				DEBUG_INFORMATION_FORMAT = "dwarf-with-dsym";
				ENABLE_NS_ASSERTIONS = NO;
				ENABLE_STRICT_OBJC_MSGSEND = YES;
				GCC_C_LANGUAGE_STANDARD = gnu11;
				GCC_NO_COMMON_BLOCKS = YES;
				GCC_WARN_64_TO_32_BIT_CONVERSION = YES;
				GCC_WARN_ABOUT_RETURN_TYPE = YES_ERROR;
				GCC_WARN_UNDECLARED_SELECTOR = YES;
				GCC_WARN_UNINITIALIZED_AUTOS = YES_AGGRESSIVE;
				GCC_WARN_UNUSED_FUNCTION = YES;
				GCC_WARN_UNUSED_VARIABLE = YES;
				IPHONEOS_DEPLOYMENT_TARGET = 15.5;
				MTL_ENABLE_DEBUG_INFO = NO;
				MTL_FAST_MATH = YES;
				SDKROOT = iphoneos;
				SWIFT_COMPILATION_MODE = wholemodule;
				SWIFT_OPTIMIZATION_LEVEL = "-O";
				VALIDATE_PRODUCT = YES;
			};
			name = Release;
		};
		1182F2EF2877739800E45528 /* Debug */ = {
			isa = XCBuildConfiguration;
			buildSettings = {
				ASSETCATALOG_COMPILER_APPICON_NAME = AppIcon;
				ASSETCATALOG_COMPILER_GLOBAL_ACCENT_COLOR_NAME = AccentColor;
				CODE_SIGN_STYLE = Automatic;
				CURRENT_PROJECT_VERSION = 1;
				DEVELOPMENT_TEAM = 93JL9JP78N;
				GENERATE_INFOPLIST_FILE = YES;
				INFOPLIST_FILE = spotify/Info.plist;
				INFOPLIST_KEY_UIApplicationSupportsIndirectInputEvents = YES;
				INFOPLIST_KEY_UILaunchStoryboardName = LaunchScreen;
				INFOPLIST_KEY_UIMainStoryboardFile = Main;
				INFOPLIST_KEY_UISupportedInterfaceOrientations_iPad = "UIInterfaceOrientationPortrait UIInterfaceOrientationPortraitUpsideDown UIInterfaceOrientationLandscapeLeft UIInterfaceOrientationLandscapeRight";
				INFOPLIST_KEY_UISupportedInterfaceOrientations_iPhone = "UIInterfaceOrientationPortrait UIInterfaceOrientationLandscapeLeft UIInterfaceOrientationLandscapeRight";
				LD_RUNPATH_SEARCH_PATHS = (
					"$(inherited)",
					"@executable_path/Frameworks",
				);
				MARKETING_VERSION = 1.0;
				PRODUCT_BUNDLE_IDENTIFIER = me.beatzoid.spotify;
				PRODUCT_NAME = "$(TARGET_NAME)";
				SWIFT_EMIT_LOC_STRINGS = YES;
				SWIFT_VERSION = 5.0;
				TARGETED_DEVICE_FAMILY = "1,2";
			};
			name = Debug;
		};
		1182F2F02877739800E45528 /* Release */ = {
			isa = XCBuildConfiguration;
			buildSettings = {
				ASSETCATALOG_COMPILER_APPICON_NAME = AppIcon;
				ASSETCATALOG_COMPILER_GLOBAL_ACCENT_COLOR_NAME = AccentColor;
				CODE_SIGN_STYLE = Automatic;
				CURRENT_PROJECT_VERSION = 1;
				DEVELOPMENT_TEAM = 93JL9JP78N;
				GENERATE_INFOPLIST_FILE = YES;
				INFOPLIST_FILE = spotify/Info.plist;
				INFOPLIST_KEY_UIApplicationSupportsIndirectInputEvents = YES;
				INFOPLIST_KEY_UILaunchStoryboardName = LaunchScreen;
				INFOPLIST_KEY_UIMainStoryboardFile = Main;
				INFOPLIST_KEY_UISupportedInterfaceOrientations_iPad = "UIInterfaceOrientationPortrait UIInterfaceOrientationPortraitUpsideDown UIInterfaceOrientationLandscapeLeft UIInterfaceOrientationLandscapeRight";
				INFOPLIST_KEY_UISupportedInterfaceOrientations_iPhone = "UIInterfaceOrientationPortrait UIInterfaceOrientationLandscapeLeft UIInterfaceOrientationLandscapeRight";
				LD_RUNPATH_SEARCH_PATHS = (
					"$(inherited)",
					"@executable_path/Frameworks",
				);
				MARKETING_VERSION = 1.0;
				PRODUCT_BUNDLE_IDENTIFIER = me.beatzoid.spotify;
				PRODUCT_NAME = "$(TARGET_NAME)";
				SWIFT_EMIT_LOC_STRINGS = YES;
				SWIFT_VERSION = 5.0;
				TARGETED_DEVICE_FAMILY = "1,2";
			};
			name = Release;
		};
/* End XCBuildConfiguration section */

/* Begin XCConfigurationList section */
		1182F2D52877739700E45528 /* Build configuration list for PBXProject "spotify" */ = {
			isa = XCConfigurationList;
			buildConfigurations = (
				1182F2EC2877739800E45528 /* Debug */,
				1182F2ED2877739800E45528 /* Release */,
			);
			defaultConfigurationIsVisible = 0;
			defaultConfigurationName = Release;
		};
		1182F2EE2877739800E45528 /* Build configuration list for PBXNativeTarget "spotify" */ = {
			isa = XCConfigurationList;
			buildConfigurations = (
				1182F2EF2877739800E45528 /* Debug */,
				1182F2F02877739800E45528 /* Release */,
			);
			defaultConfigurationIsVisible = 0;
			defaultConfigurationName = Release;
		};
/* End XCConfigurationList section */
	};
	rootObject = 1182F2D22877739700E45528 /* Project object */;
}
